
Microsoft Visual Studio Solution File, Format Version 12.00
# Visual Studio 15
VisualStudioVersion = 15.0.26730.15
MinimumVisualStudioVersion = 10.0.40219.1
Project("{FAE04EC0-301F-11D3-BF4B-00C04F79EFBC}") = "CloudTranslatePatcher", "CloudTranslatePatcher\CloudTranslatePatcher.csproj", "{17C0563F-F4CA-435C-85FC-769F34F5AE33}"
EndProject
Global
	GlobalSection(SolutionConfigurationPlatforms) = preSolution
		Debug|Any CPU = Debug|Any CPU
		Release|Any CPU = Release|Any CPU
	EndGlobalSection
	GlobalSection(ProjectConfigurationPlatforms) = postSolution
		{17C0563F-F4CA-435C-85FC-769F34F5AE33}.Debug|Any CPU.ActiveCfg = Debug|Any CPU
		{17C0563F-F4CA-435C-85FC-769F34F5AE33}.Debug|Any CPU.Build.0 = Debug|Any CPU
		{17C0563F-F4CA-435C-85FC-769F34F5AE33}.Release|Any CPU.ActiveCfg = Release|Any CPU
		{17C0563F-F4CA-435C-85FC-769F34F5AE33}.Release|Any CPU.Build.0 = Release|Any CPU
	EndGlobalSection
	GlobalSection(SolutionProperties) = preSolution
		HideSolutionNode = FALSE
	EndGlobalSection
	GlobalSection(ExtensibilityGlobals) = postSolution
		SolutionGuid = {EA3BB150-FCA4-4E16-B126-D115D851FFC6}
	EndGlobalSection
EndGlobal
